
Microsoft Visual Studio Solution File, Format Version 12.00
# Visual Studio Version 17
VisualStudioVersion = 17.4.33213.308
MinimumVisualStudioVersion = 10.0.40219.1
Project("{FAE04EC0-301F-11D3-BF4B-00C04F79EFBC}") = "SP_Lab_5", "SP_Lab_5\SP_Lab_5.csproj", "{C3B7906D-DAB9-437C-BC35-E4F6EF5967DD}"
EndProject
Global
	GlobalSection(SolutionConfigurationPlatforms) = preSolution
		Debug|Any CPU = Debug|Any CPU
		Release|Any CPU = Release|Any CPU
	EndGlobalSection
	GlobalSection(ProjectConfigurationPlatforms) = postSolution
		{C3B7906D-DAB9-437C-BC35-E4F6EF5967DD}.Debug|Any CPU.ActiveCfg = Debug|Any CPU
		{C3B7906D-DAB9-437C-BC35-E4F6EF5967DD}.Debug|Any CPU.Build.0 = Debug|Any CPU
		{C3B7906D-DAB9-437C-BC35-E4F6EF5967DD}.Release|Any CPU.ActiveCfg = Release|Any CPU
		{C3B7906D-DAB9-437C-BC35-E4F6EF5967DD}.Release|Any CPU.Build.0 = Release|Any CPU
	EndGlobalSection
	GlobalSection(SolutionProperties) = preSolution
		HideSolutionNode = FALSE
	EndGlobalSection
	GlobalSection(ExtensibilityGlobals) = postSolution
		SolutionGuid = {3E01EF11-1131-406A-A1F7-74AF423B6DB2}
	EndGlobalSection
EndGlobal
