
Microsoft Visual Studio Solution File, Format Version 12.00
# Visual Studio Version 16
VisualStudioVersion = 16.0.32510.428
MinimumVisualStudioVersion = 10.0.40219.1
Project("{FAE04EC0-301F-11D3-BF4B-00C04F79EFBC}") = "CS_Lab_3_z_5", "CS_Lab_3_z_5\CS_Lab_3_z_5.csproj", "{8E72CDDD-7B06-4B6C-8075-329B208ADDFC}"
EndProject
Global
	GlobalSection(SolutionConfigurationPlatforms) = preSolution
		Debug|Any CPU = Debug|Any CPU
		Release|Any CPU = Release|Any CPU
	EndGlobalSection
	GlobalSection(ProjectConfigurationPlatforms) = postSolution
		{8E72CDDD-7B06-4B6C-8075-329B208ADDFC}.Debug|Any CPU.ActiveCfg = Debug|Any CPU
		{8E72CDDD-7B06-4B6C-8075-329B208ADDFC}.Debug|Any CPU.Build.0 = Debug|Any CPU
		{8E72CDDD-7B06-4B6C-8075-329B208ADDFC}.Release|Any CPU.ActiveCfg = Release|Any CPU
		{8E72CDDD-7B06-4B6C-8075-329B208ADDFC}.Release|Any CPU.Build.0 = Release|Any CPU
	EndGlobalSection
	GlobalSection(SolutionProperties) = preSolution
		HideSolutionNode = FALSE
	EndGlobalSection
	GlobalSection(ExtensibilityGlobals) = postSolution
		SolutionGuid = {2FE818AA-D3E4-40BB-A09B-B80C97E2A07B}
	EndGlobalSection
EndGlobal
