
Microsoft Visual Studio Solution File, Format Version 12.00
# Visual Studio Version 17
VisualStudioVersion = 17.7.34202.233
MinimumVisualStudioVersion = 10.0.40219.1
Project("{FAE04EC0-301F-11D3-BF4B-00C04F79EFBC}") = "Lab_6", "Lab_6\Lab_6.csproj", "{4FD13C27-7C2F-485D-AD9E-116049E4910E}"
EndProject
Global
	GlobalSection(SolutionConfigurationPlatforms) = preSolution
		Debug|Any CPU = Debug|Any CPU
		Release|Any CPU = Release|Any CPU
	EndGlobalSection
	GlobalSection(ProjectConfigurationPlatforms) = postSolution
		{4FD13C27-7C2F-485D-AD9E-116049E4910E}.Debug|Any CPU.ActiveCfg = Debug|Any CPU
		{4FD13C27-7C2F-485D-AD9E-116049E4910E}.Debug|Any CPU.Build.0 = Debug|Any CPU
		{4FD13C27-7C2F-485D-AD9E-116049E4910E}.Release|Any CPU.ActiveCfg = Release|Any CPU
		{4FD13C27-7C2F-485D-AD9E-116049E4910E}.Release|Any CPU.Build.0 = Release|Any CPU
	EndGlobalSection
	GlobalSection(SolutionProperties) = preSolution
		HideSolutionNode = FALSE
	EndGlobalSection
	GlobalSection(ExtensibilityGlobals) = postSolution
		SolutionGuid = {6B551D06-506F-4DDA-AEB5-1F59554CC81B}
	EndGlobalSection
EndGlobal
