
Microsoft Visual Studio Solution File, Format Version 12.00
# Visual Studio Version 16
VisualStudioVersion = 16.0.32510.428
MinimumVisualStudioVersion = 10.0.40219.1
Project("{FAE04EC0-301F-11D3-BF4B-00C04F79EFBC}") = "CS_Lab_1_z_1_2", "CS_Lab_1_z_1_2\CS_Lab_1_z_1_2.csproj", "{8F012961-2F16-4958-9D16-09B027BC7192}"
EndProject
Global
	GlobalSection(SolutionConfigurationPlatforms) = preSolution
		Debug|Any CPU = Debug|Any CPU
		Release|Any CPU = Release|Any CPU
	EndGlobalSection
	GlobalSection(ProjectConfigurationPlatforms) = postSolution
		{8F012961-2F16-4958-9D16-09B027BC7192}.Debug|Any CPU.ActiveCfg = Debug|Any CPU
		{8F012961-2F16-4958-9D16-09B027BC7192}.Debug|Any CPU.Build.0 = Debug|Any CPU
		{8F012961-2F16-4958-9D16-09B027BC7192}.Release|Any CPU.ActiveCfg = Release|Any CPU
		{8F012961-2F16-4958-9D16-09B027BC7192}.Release|Any CPU.Build.0 = Release|Any CPU
	EndGlobalSection
	GlobalSection(SolutionProperties) = preSolution
		HideSolutionNode = FALSE
	EndGlobalSection
	GlobalSection(ExtensibilityGlobals) = postSolution
		SolutionGuid = {1E79D239-7040-46AD-A8FF-3E85CE2B08C5}
	EndGlobalSection
EndGlobal
