Microsoft Visual Studio Solution File, Format Version 12.00
# Visual Studio Version 17
VisualStudioVersion = 17.13.35828.75
MinimumVisualStudioVersion = 10.0.40219.1
Project("{FAE04EC0-301F-11D3-BF4B-00C04F79EFBC}") = "Lab1", "Lab1\Lab1.csproj", "{F4DB2E7E-1E94-4CC1-9F14-36B0FFF2A5F0}"
EndProject
Global
	GlobalSection(SolutionConfigurationPlatforms) = preSolution
		Debug|Any CPU = Debug|Any CPU
		Release|Any CPU = Release|Any CPU
	EndGlobalSection
	GlobalSection(ProjectConfigurationPlatforms) = postSolution
		{F4DB2E7E-1E94-4CC1-9F14-36B0FFF2A5F0}.Debug|Any CPU.ActiveCfg = Debug|Any CPU
		{F4DB2E7E-1E94-4CC1-9F14-36B0FFF2A5F0}.Debug|Any CPU.Build.0 = Debug|Any CPU
		{F4DB2E7E-1E94-4CC1-9F14-36B0FFF2A5F0}.Release|Any CPU.ActiveCfg = Release|Any CPU
		{F4DB2E7E-1E94-4CC1-9F14-36B0FFF2A5F0}.Release|Any CPU.Build.0 = Release|Any CPU
	EndGlobalSection
	GlobalSection(SolutionProperties) = preSolution
		HideSolutionNode = FALSE
	EndGlobalSection
	GlobalSection(ExtensibilityGlobals) = postSolution
		SolutionGuid = {665F80C5-D315-410D-860F-4489AAC48449}
	EndGlobalSection
EndGlobal
