
Microsoft Visual Studio Solution File, Format Version 12.00
# Visual Studio Version 16
VisualStudioVersion = 16.0.32510.428
MinimumVisualStudioVersion = 10.0.40219.1
Project("{FAE04EC0-301F-11D3-BF4B-00C04F79EFBC}") = "CS_Lab_2_z_1", "CS_Lab_2_z_1\CS_Lab_2_z_1.csproj", "{C9BF68D7-FD5C-44F9-9D3B-9DB900382911}"
EndProject
Global
	GlobalSection(SolutionConfigurationPlatforms) = preSolution
		Debug|Any CPU = Debug|Any CPU
		Release|Any CPU = Release|Any CPU
	EndGlobalSection
	GlobalSection(ProjectConfigurationPlatforms) = postSolution
		{C9BF68D7-FD5C-44F9-9D3B-9DB900382911}.Debug|Any CPU.ActiveCfg = Debug|Any CPU
		{C9BF68D7-FD5C-44F9-9D3B-9DB900382911}.Debug|Any CPU.Build.0 = Debug|Any CPU
		{C9BF68D7-FD5C-44F9-9D3B-9DB900382911}.Release|Any CPU.ActiveCfg = Release|Any CPU
		{C9BF68D7-FD5C-44F9-9D3B-9DB900382911}.Release|Any CPU.Build.0 = Release|Any CPU
	EndGlobalSection
	GlobalSection(SolutionProperties) = preSolution
		HideSolutionNode = FALSE
	EndGlobalSection
	GlobalSection(ExtensibilityGlobals) = postSolution
		SolutionGuid = {2842E5A5-6BC8-472F-A9B1-F774C1586C09}
	EndGlobalSection
EndGlobal
