
Microsoft Visual Studio Solution File, Format Version 12.00
# Visual Studio Version 16
VisualStudioVersion = 16.0.32510.428
MinimumVisualStudioVersion = 10.0.40219.1
Project("{FAE04EC0-301F-11D3-BF4B-00C04F79EFBC}") = "CS_Lab_3_z_3", "CS_Lab_3_z_3\CS_Lab_3_z_3.csproj", "{082351CB-0A4E-4242-AFF3-1D835C27D7D3}"
EndProject
Global
	GlobalSection(SolutionConfigurationPlatforms) = preSolution
		Debug|Any CPU = Debug|Any CPU
		Release|Any CPU = Release|Any CPU
	EndGlobalSection
	GlobalSection(ProjectConfigurationPlatforms) = postSolution
		{082351CB-0A4E-4242-AFF3-1D835C27D7D3}.Debug|Any CPU.ActiveCfg = Debug|Any CPU
		{082351CB-0A4E-4242-AFF3-1D835C27D7D3}.Debug|Any CPU.Build.0 = Debug|Any CPU
		{082351CB-0A4E-4242-AFF3-1D835C27D7D3}.Release|Any CPU.ActiveCfg = Release|Any CPU
		{082351CB-0A4E-4242-AFF3-1D835C27D7D3}.Release|Any CPU.Build.0 = Release|Any CPU
	EndGlobalSection
	GlobalSection(SolutionProperties) = preSolution
		HideSolutionNode = FALSE
	EndGlobalSection
	GlobalSection(ExtensibilityGlobals) = postSolution
		SolutionGuid = {59D0FA55-CCE9-43DD-8CAB-7913EC8D3533}
	EndGlobalSection
EndGlobal
