
Microsoft Visual Studio Solution File, Format Version 12.00
# Visual Studio Version 16
VisualStudioVersion = 16.0.31624.102
MinimumVisualStudioVersion = 10.0.40219.1
Project("{8BC9CEB8-8B4A-11D0-8D11-00A0C91BC942}") = "Kur_24(2)", "Kur_24(2)\Kur_24(2).vcxproj", "{AF10212B-5891-4CF0-BAC6-322EF8B012AB}"
EndProject
Global
	GlobalSection(SolutionConfigurationPlatforms) = preSolution
		Debug|x64 = Debug|x64
		Debug|x86 = Debug|x86
		Release|x64 = Release|x64
		Release|x86 = Release|x86
	EndGlobalSection
	GlobalSection(ProjectConfigurationPlatforms) = postSolution
		{AF10212B-5891-4CF0-BAC6-322EF8B012AB}.Debug|x64.ActiveCfg = Debug|x64
		{AF10212B-5891-4CF0-BAC6-322EF8B012AB}.Debug|x64.Build.0 = Debug|x64
		{AF10212B-5891-4CF0-BAC6-322EF8B012AB}.Debug|x86.ActiveCfg = Debug|Win32
		{AF10212B-5891-4CF0-BAC6-322EF8B012AB}.Debug|x86.Build.0 = Debug|Win32
		{AF10212B-5891-4CF0-BAC6-322EF8B012AB}.Release|x64.ActiveCfg = Release|x64
		{AF10212B-5891-4CF0-BAC6-322EF8B012AB}.Release|x64.Build.0 = Release|x64
		{AF10212B-5891-4CF0-BAC6-322EF8B012AB}.Release|x86.ActiveCfg = Release|Win32
		{AF10212B-5891-4CF0-BAC6-322EF8B012AB}.Release|x86.Build.0 = Release|Win32
	EndGlobalSection
	GlobalSection(SolutionProperties) = preSolution
		HideSolutionNode = FALSE
	EndGlobalSection
	GlobalSection(ExtensibilityGlobals) = postSolution
		SolutionGuid = {F3578966-2E31-4286-BFA4-96932B4328F4}
	EndGlobalSection
EndGlobal
