
Microsoft Visual Studio Solution File, Format Version 12.00
# Visual Studio Version 17
VisualStudioVersion = 17.3.32819.101
MinimumVisualStudioVersion = 10.0.40219.1
Project("{FAE04EC0-301F-11D3-BF4B-00C04F79EFBC}") = "CS_Zav_1_var3", "CS_Zav_1_var3\CS_Zav_1_var3.csproj", "{556EC567-C116-4570-9B6D-6EC1BF26AAD7}"
EndProject
Global
	GlobalSection(SolutionConfigurationPlatforms) = preSolution
		Debug|Any CPU = Debug|Any CPU
		Release|Any CPU = Release|Any CPU
	EndGlobalSection
	GlobalSection(ProjectConfigurationPlatforms) = postSolution
		{556EC567-C116-4570-9B6D-6EC1BF26AAD7}.Debug|Any CPU.ActiveCfg = Debug|Any CPU
		{556EC567-C116-4570-9B6D-6EC1BF26AAD7}.Debug|Any CPU.Build.0 = Debug|Any CPU
		{556EC567-C116-4570-9B6D-6EC1BF26AAD7}.Release|Any CPU.ActiveCfg = Release|Any CPU
		{556EC567-C116-4570-9B6D-6EC1BF26AAD7}.Release|Any CPU.Build.0 = Release|Any CPU
	EndGlobalSection
	GlobalSection(SolutionProperties) = preSolution
		HideSolutionNode = FALSE
	EndGlobalSection
	GlobalSection(ExtensibilityGlobals) = postSolution
		SolutionGuid = {FA5A0CC8-3B05-43C1-839C-CC113FDB1778}
	EndGlobalSection
EndGlobal
