
Microsoft Visual Studio Solution File, Format Version 12.00
# Visual Studio Version 16
VisualStudioVersion = 16.0.32510.428
MinimumVisualStudioVersion = 10.0.40219.1
Project("{FAE04EC0-301F-11D3-BF4B-00C04F79EFBC}") = "CS_Lab_3_z_2", "CS_Lab_3_z_2\CS_Lab_3_z_2.csproj", "{5DE379AC-00BE-416B-8BE8-1DCDDA24F2F9}"
EndProject
Global
	GlobalSection(SolutionConfigurationPlatforms) = preSolution
		Debug|Any CPU = Debug|Any CPU
		Release|Any CPU = Release|Any CPU
	EndGlobalSection
	GlobalSection(ProjectConfigurationPlatforms) = postSolution
		{5DE379AC-00BE-416B-8BE8-1DCDDA24F2F9}.Debug|Any CPU.ActiveCfg = Debug|Any CPU
		{5DE379AC-00BE-416B-8BE8-1DCDDA24F2F9}.Debug|Any CPU.Build.0 = Debug|Any CPU
		{5DE379AC-00BE-416B-8BE8-1DCDDA24F2F9}.Release|Any CPU.ActiveCfg = Release|Any CPU
		{5DE379AC-00BE-416B-8BE8-1DCDDA24F2F9}.Release|Any CPU.Build.0 = Release|Any CPU
	EndGlobalSection
	GlobalSection(SolutionProperties) = preSolution
		HideSolutionNode = FALSE
	EndGlobalSection
	GlobalSection(ExtensibilityGlobals) = postSolution
		SolutionGuid = {5E40789D-979B-4424-BADD-BD31E2AB084C}
	EndGlobalSection
EndGlobal
