
Microsoft Visual Studio Solution File, Format Version 12.00
# Visual Studio Version 17
VisualStudioVersion = 17.7.34202.233
MinimumVisualStudioVersion = 10.0.40219.1
Project("{FAE04EC0-301F-11D3-BF4B-00C04F79EFBC}") = "Lab_2", "Lab_2\Lab_2.csproj", "{9BD467BB-B46F-4AFA-BD93-BFE3958BB6FC}"
EndProject
Global
	GlobalSection(SolutionConfigurationPlatforms) = preSolution
		Debug|Any CPU = Debug|Any CPU
		Release|Any CPU = Release|Any CPU
	EndGlobalSection
	GlobalSection(ProjectConfigurationPlatforms) = postSolution
		{9BD467BB-B46F-4AFA-BD93-BFE3958BB6FC}.Debug|Any CPU.ActiveCfg = Debug|Any CPU
		{9BD467BB-B46F-4AFA-BD93-BFE3958BB6FC}.Debug|Any CPU.Build.0 = Debug|Any CPU
		{9BD467BB-B46F-4AFA-BD93-BFE3958BB6FC}.Release|Any CPU.ActiveCfg = Release|Any CPU
		{9BD467BB-B46F-4AFA-BD93-BFE3958BB6FC}.Release|Any CPU.Build.0 = Release|Any CPU
	EndGlobalSection
	GlobalSection(SolutionProperties) = preSolution
		HideSolutionNode = FALSE
	EndGlobalSection
	GlobalSection(ExtensibilityGlobals) = postSolution
		SolutionGuid = {30B48274-B2A9-44DB-9566-5A4249A7C9A6}
	EndGlobalSection
EndGlobal
